// !$*UTF8*$!
{
	archiveVersion = 1;
	classes = {
	};
	objectVersion = 46;
	objects = {

/* Begin PBXBuildFile section */
		1214144819B651F100BD3F8E /* Bolts.framework in Frameworks */ = {isa = PBXBuildFile; fileRef = 1214144519B651F100BD3F8E /* Bolts.framework */; };
		1214144919B651F100BD3F8E /* Parse.framework in Frameworks */ = {isa = PBXBuildFile; fileRef = 1214144619B651F100BD3F8E /* Parse.framework */; };
		1214144A19B651F100BD3F8E /* ParseFacebookUtils.framework in Frameworks */ = {isa = PBXBuildFile; fileRef = 1214144719B651F100BD3F8E /* ParseFacebookUtils.framework */; };
		1214145F19B6539100BD3F8E /* SignUpViewController.m in Sources */ = {isa = PBXBuildFile; fileRef = 1214145E19B6539100BD3F8E /* SignUpViewController.m */; };
		1214146019B6561700BD3F8E /* AudioToolbox.framework in Frameworks */ = {isa = PBXBuildFile; fileRef = 1214144B19B6532600BD3F8E /* AudioToolbox.framework */; };
		1214146119B6561700BD3F8E /* CFNetwork.framework in Frameworks */ = {isa = PBXBuildFile; fileRef = 1214144C19B6532600BD3F8E /* CFNetwork.framework */; };
		1214146219B6561700BD3F8E /* CoreGraphics.framework in Frameworks */ = {isa = PBXBuildFile; fileRef = 1270E5FA19B64BE600F19302 /* CoreGraphics.framework */; };
		1214146319B6561700BD3F8E /* CoreLocation.framework in Frameworks */ = {isa = PBXBuildFile; fileRef = 1214144D19B6532600BD3F8E /* CoreLocation.framework */; };
		1214146419B6561700BD3F8E /* MobileCoreServices.framework in Frameworks */ = {isa = PBXBuildFile; fileRef = 1214144F19B6532600BD3F8E /* MobileCoreServices.framework */; };
		1214146519B6561700BD3F8E /* QuartzCore.framework in Frameworks */ = {isa = PBXBuildFile; fileRef = 1214145019B6532600BD3F8E /* QuartzCore.framework */; };
		1214146619B6561700BD3F8E /* Security.framework in Frameworks */ = {isa = PBXBuildFile; fileRef = 1214145119B6532600BD3F8E /* Security.framework */; };
		1214146719B6561700BD3F8E /* StoreKit.framework in Frameworks */ = {isa = PBXBuildFile; fileRef = 1214145219B6532600BD3F8E /* StoreKit.framework */; };
		1214146819B6561700BD3F8E /* SystemConfiguration.framework in Frameworks */ = {isa = PBXBuildFile; fileRef = 1214145319B6532600BD3F8E /* SystemConfiguration.framework */; };
		1214146A19B6561800BD3F8E /* libSystem.dylib in Frameworks */ = {isa = PBXBuildFile; fileRef = 1214146919B6561800BD3F8E /* libSystem.dylib */; };
		125EE0B919BE2D9200555B5F /* MusicSearchViewController.m in Sources */ = {isa = PBXBuildFile; fileRef = 125EE0B819BE2D9200555B5F /* MusicSearchViewController.m */; };
		125EE0BC19BFB4E500555B5F /* searcgBackground.png in Resources */ = {isa = PBXBuildFile; fileRef = 125EE0BB19BFB4E500555B5F /* searcgBackground.png */; };
		125EE0C219C0DB1100555B5F /* play15.png in Resources */ = {isa = PBXBuildFile; fileRef = 125EE0C019C0DB1100555B5F /* play15.png */; };
		125EE0C319C0DB1100555B5F /* share10.png in Resources */ = {isa = PBXBuildFile; fileRef = 125EE0C119C0DB1100555B5F /* share10.png */; };
		125EE0C519C0F2D200555B5F /* AVFoundation.framework in Frameworks */ = {isa = PBXBuildFile; fileRef = 125EE0C419C0F2D200555B5F /* AVFoundation.framework */; };
		125EE10B19C119E600555B5F /* TabBarViewController.m in Sources */ = {isa = PBXBuildFile; fileRef = 125EE10A19C119E600555B5F /* TabBarViewController.m */; };
		125EE10D19C11F9E00555B5F /* audio.png in Resources */ = {isa = PBXBuildFile; fileRef = 125EE10C19C11F9E00555B5F /* audio.png */; };
		125EE10F19C21CFC00555B5F /* PKImageBundle.bundle in Resources */ = {isa = PBXBuildFile; fileRef = 125EE10E19C21CFC00555B5F /* PKImageBundle.bundle */; };
		1270E5F919B64BE600F19302 /* Foundation.framework in Frameworks */ = {isa = PBXBuildFile; fileRef = 1270E5F819B64BE600F19302 /* Foundation.framework */; };
		1270E5FD19B64BE600F19302 /* UIKit.framework in Frameworks */ = {isa = PBXBuildFile; fileRef = 1270E5FC19B64BE600F19302 /* UIKit.framework */; };
		1270E60319B64BE600F19302 /* InfoPlist.strings in Resources */ = {isa = PBXBuildFile; fileRef = 1270E60119B64BE600F19302 /* InfoPlist.strings */; };
		1270E60519B64BE600F19302 /* main.m in Sources */ = {isa = PBXBuildFile; fileRef = 1270E60419B64BE600F19302 /* main.m */; };
		1270E60919B64BE600F19302 /* AppDelegate.m in Sources */ = {isa = PBXBuildFile; fileRef = 1270E60819B64BE600F19302 /* AppDelegate.m */; };
		1270E60B19B64BE600F19302 /* Images.xcassets in Resources */ = {isa = PBXBuildFile; fileRef = 1270E60A19B64BE600F19302 /* Images.xcassets */; };
		1270E61219B64BE600F19302 /* XCTest.framework in Frameworks */ = {isa = PBXBuildFile; fileRef = 1270E61119B64BE600F19302 /* XCTest.framework */; };
		1270E61319B64BE600F19302 /* Foundation.framework in Frameworks */ = {isa = PBXBuildFile; fileRef = 1270E5F819B64BE600F19302 /* Foundation.framework */; };
		1270E61419B64BE600F19302 /* UIKit.framework in Frameworks */ = {isa = PBXBuildFile; fileRef = 1270E5FC19B64BE600F19302 /* UIKit.framework */; };
		1270E61C19B64BE600F19302 /* InfoPlist.strings in Resources */ = {isa = PBXBuildFile; fileRef = 1270E61A19B64BE600F19302 /* InfoPlist.strings */; };
		1270E61E19B64BE600F19302 /* MixtaTests.m in Sources */ = {isa = PBXBuildFile; fileRef = 1270E61D19B64BE600F19302 /* MixtaTests.m */; };
		1270E63419B6723700F19302 /* SignInViewController.m in Sources */ = {isa = PBXBuildFile; fileRef = 1270E63319B6723700F19302 /* SignInViewController.m */; };
		1270E63719B677B400F19302 /* NewsFeedViewController.m in Sources */ = {isa = PBXBuildFile; fileRef = 1270E63619B677B400F19302 /* NewsFeedViewController.m */; };
		1270E63A19B68A1400F19302 /* cameraIcon.png in Resources */ = {isa = PBXBuildFile; fileRef = 1270E63919B68A1400F19302 /* cameraIcon.png */; };
		1270E63C19B773CA00F19302 /* profile7.png in Resources */ = {isa = PBXBuildFile; fileRef = 1270E63B19B773CA00F19302 /* profile7.png */; };
		1270E64019B7848300F19302 /* IntroViewController.m in Sources */ = {isa = PBXBuildFile; fileRef = 1270E63F19B7848300F19302 /* IntroViewController.m */; };
		1270E64219B78F0000F19302 /* Social.framework in Frameworks */ = {isa = PBXBuildFile; fileRef = 1270E64119B78EFF00F19302 /* Social.framework */; };
		1270E64419B78FDC00F19302 /* Accounts.framework in Frameworks */ = {isa = PBXBuildFile; fileRef = 1270E64319B78FDC00F19302 /* Accounts.framework */; };
		1270E64619B79AE900F19302 /* introBackground1.png in Resources */ = {isa = PBXBuildFile; fileRef = 1270E64519B79AE800F19302 /* introBackground1.png */; };
		1270E64919B7C82C00F19302 /* ProfileViewController.m in Sources */ = {isa = PBXBuildFile; fileRef = 1270E64819B7C82C00F19302 /* ProfileViewController.m */; };
		1270E64D19B7C8ED00F19302 /* FindFriendsViewController.m in Sources */ = {isa = PBXBuildFile; fileRef = 1270E64C19B7C8ED00F19302 /* FindFriendsViewController.m */; };
		1270E65119B7CCB300F19302 /* letter28.png in Resources */ = {isa = PBXBuildFile; fileRef = 1270E64E19B7CCB300F19302 /* letter28.png */; };
		1270E65219B7CCB300F19302 /* searching33.png in Resources */ = {isa = PBXBuildFile; fileRef = 1270E64F19B7CCB300F19302 /* searching33.png */; };
		1270E65319B7CCB300F19302 /* user47.png in Resources */ = {isa = PBXBuildFile; fileRef = 1270E65019B7CCB300F19302 /* user47.png */; };
		1270E65719B7D4DB00F19302 /* SignUpBackGround.png in Resources */ = {isa = PBXBuildFile; fileRef = 1270E65619B7D4DB00F19302 /* SignUpBackGround.png */; };
		1270E65919B8C3AA00F19302 /* add156.png in Resources */ = {isa = PBXBuildFile; fileRef = 1270E65819B8C3AA00F19302 /* add156.png */; };
		1270E65C19B8F7A900F19302 /* Constents.m in Sources */ = {isa = PBXBuildFile; fileRef = 1270E65B19B8F7A900F19302 /* Constents.m */; };
		1270E66019B9282900F19302 /* rounded25.png in Resources */ = {isa = PBXBuildFile; fileRef = 1270E65F19B9282900F19302 /* rounded25.png */; };
		1270E66219BA357C00F19302 /* cloud263.png in Resources */ = {isa = PBXBuildFile; fileRef = 1270E66119BA357C00F19302 /* cloud263.png */; };
		1270E66519BA36C700F19302 /* UIImage+crop_image.m in Sources */ = {isa = PBXBuildFile; fileRef = 1270E66419BA36C700F19302 /* UIImage+crop_image.m */; };
		C08B6872E76748559B12D8DC /* libPods.a in Frameworks */ = {isa = PBXBuildFile; fileRef = E0889530C9C3458381C6259B /* libPods.a */; };
/* End PBXBuildFile section */

/* Begin PBXContainerItemProxy section */
		1270E61519B64BE600F19302 /* PBXContainerItemProxy */ = {
			isa = PBXContainerItemProxy;
			containerPortal = 1270E5ED19B64BE600F19302 /* Project object */;
			proxyType = 1;
			remoteGlobalIDString = 1270E5F419B64BE600F19302;
			remoteInfo = Mixta;
		};
/* End PBXContainerItemProxy section */

/* Begin PBXFileReference section */
		1214144519B651F100BD3F8E /* Bolts.framework */ = {isa = PBXFileReference; lastKnownFileType = wrapper.framework; path = Bolts.framework; sourceTree = "<group>"; };
		1214144619B651F100BD3F8E /* Parse.framework */ = {isa = PBXFileReference; lastKnownFileType = wrapper.framework; path = Parse.framework; sourceTree = "<group>"; };
		1214144719B651F100BD3F8E /* ParseFacebookUtils.framework */ = {isa = PBXFileReference; lastKnownFileType = wrapper.framework; path = ParseFacebookUtils.framework; sourceTree = "<group>"; };
		1214144B19B6532600BD3F8E /* AudioToolbox.framework */ = {isa = PBXFileReference; lastKnownFileType = wrapper.framework; name = AudioToolbox.framework; path = System/Library/Frameworks/AudioToolbox.framework; sourceTree = SDKROOT; };
		1214144C19B6532600BD3F8E /* CFNetwork.framework */ = {isa = PBXFileReference; lastKnownFileType = wrapper.framework; name = CFNetwork.framework; path = System/Library/Frameworks/CFNetwork.framework; sourceTree = SDKROOT; };
		1214144D19B6532600BD3F8E /* CoreLocation.framework */ = {isa = PBXFileReference; lastKnownFileType = wrapper.framework; name = CoreLocation.framework; path = System/Library/Frameworks/CoreLocation.framework; sourceTree = SDKROOT; };
		1214144E19B6532600BD3F8E /* libsp.dylib */ = {isa = PBXFileReference; lastKnownFileType = "compiled.mach-o.dylib"; name = libsp.dylib; path = usr/lib/libsp.dylib; sourceTree = SDKROOT; };
		1214144F19B6532600BD3F8E /* MobileCoreServices.framework */ = {isa = PBXFileReference; lastKnownFileType = wrapper.framework; name = MobileCoreServices.framework; path = System/Library/Frameworks/MobileCoreServices.framework; sourceTree = SDKROOT; };
		1214145019B6532600BD3F8E /* QuartzCore.framework */ = {isa = PBXFileReference; lastKnownFileType = wrapper.framework; name = QuartzCore.framework; path = System/Library/Frameworks/QuartzCore.framework; sourceTree = SDKROOT; };
		1214145119B6532600BD3F8E /* Security.framework */ = {isa = PBXFileReference; lastKnownFileType = wrapper.framework; name = Security.framework; path = System/Library/Frameworks/Security.framework; sourceTree = SDKROOT; };
		1214145219B6532600BD3F8E /* StoreKit.framework */ = {isa = PBXFileReference; lastKnownFileType = wrapper.framework; name = StoreKit.framework; path = System/Library/Frameworks/StoreKit.framework; sourceTree = SDKROOT; };
		1214145319B6532600BD3F8E /* SystemConfiguration.framework */ = {isa = PBXFileReference; lastKnownFileType = wrapper.framework; name = SystemConfiguration.framework; path = System/Library/Frameworks/SystemConfiguration.framework; sourceTree = SDKROOT; };
		1214145D19B6539100BD3F8E /* SignUpViewController.h */ = {isa = PBXFileReference; fileEncoding = 4; lastKnownFileType = sourcecode.c.h; name = SignUpViewController.h; path = Mixta/SignUpViewController.h; sourceTree = "<group>"; };
		1214145E19B6539100BD3F8E /* SignUpViewController.m */ = {isa = PBXFileReference; fileEncoding = 4; lastKnownFileType = sourcecode.c.objc; name = SignUpViewController.m; path = Mixta/SignUpViewController.m; sourceTree = "<group>"; };
		1214146919B6561800BD3F8E /* libSystem.dylib */ = {isa = PBXFileReference; lastKnownFileType = "compiled.mach-o.dylib"; name = libSystem.dylib; path = usr/lib/libSystem.dylib; sourceTree = SDKROOT; };
		125EE0B719BE2D9200555B5F /* MusicSearchViewController.h */ = {isa = PBXFileReference; fileEncoding = 4; lastKnownFileType = sourcecode.c.h; path = MusicSearchViewController.h; sourceTree = "<group>"; };
		125EE0B819BE2D9200555B5F /* MusicSearchViewController.m */ = {isa = PBXFileReference; fileEncoding = 4; lastKnownFileType = sourcecode.c.objc; path = MusicSearchViewController.m; sourceTree = "<group>"; };
		125EE0BB19BFB4E500555B5F /* searcgBackground.png */ = {isa = PBXFileReference; lastKnownFileType = image.png; path = searcgBackground.png; sourceTree = "<group>"; };
		125EE0C019C0DB1100555B5F /* play15.png */ = {isa = PBXFileReference; lastKnownFileType = image.png; path = play15.png; sourceTree = "<group>"; };
		125EE0C119C0DB1100555B5F /* share10.png */ = {isa = PBXFileReference; lastKnownFileType = image.png; path = share10.png; sourceTree = "<group>"; };
		125EE0C419C0F2D200555B5F /* AVFoundation.framework */ = {isa = PBXFileReference; lastKnownFileType = wrapper.framework; name = AVFoundation.framework; path = System/Library/Frameworks/AVFoundation.framework; sourceTree = SDKROOT; };
		125EE10919C119E600555B5F /* TabBarViewController.h */ = {isa = PBXFileReference; fileEncoding = 4; lastKnownFileType = sourcecode.c.h; path = TabBarViewController.h; sourceTree = "<group>"; };
		125EE10A19C119E600555B5F /* TabBarViewController.m */ = {isa = PBXFileReference; fileEncoding = 4; lastKnownFileType = sourcecode.c.objc; path = TabBarViewController.m; sourceTree = "<group>"; };
		125EE10C19C11F9E00555B5F /* audio.png */ = {isa = PBXFileReference; lastKnownFileType = image.png; name = audio.png; path = ../../../Downloads/audio.png; sourceTree = "<group>"; };
		125EE10E19C21CFC00555B5F /* PKImageBundle.bundle */ = {isa = PBXFileReference; lastKnownFileType = "wrapper.plug-in"; path = PKImageBundle.bundle; sourceTree = "<group>"; };
		1270E5F519B64BE600F19302 /* Mixta.app */ = {isa = PBXFileReference; explicitFileType = wrapper.application; includeInIndex = 0; path = Mixta.app; sourceTree = BUILT_PRODUCTS_DIR; };
		1270E5F819B64BE600F19302 /* Foundation.framework */ = {isa = PBXFileReference; lastKnownFileType = wrapper.framework; name = Foundation.framework; path = System/Library/Frameworks/Foundation.framework; sourceTree = SDKROOT; };
		1270E5FA19B64BE600F19302 /* CoreGraphics.framework */ = {isa = PBXFileReference; lastKnownFileType = wrapper.framework; name = CoreGraphics.framework; path = System/Library/Frameworks/CoreGraphics.framework; sourceTree = SDKROOT; };
		1270E5FC19B64BE600F19302 /* UIKit.framework */ = {isa = PBXFileReference; lastKnownFileType = wrapper.framework; name = UIKit.framework; path = System/Library/Frameworks/UIKit.framework; sourceTree = SDKROOT; };
		1270E60019B64BE600F19302 /* Mixta-Info.plist */ = {isa = PBXFileReference; lastKnownFileType = text.plist.xml; path = "Mixta-Info.plist"; sourceTree = "<group>"; };
		1270E60219B64BE600F19302 /* en */ = {isa = PBXFileReference; lastKnownFileType = text.plist.strings; name = en; path = en.lproj/InfoPlist.strings; sourceTree = "<group>"; };
		1270E60419B64BE600F19302 /* main.m */ = {isa = PBXFileReference; lastKnownFileType = sourcecode.c.objc; path = main.m; sourceTree = "<group>"; };
		1270E60619B64BE600F19302 /* Mixta-Prefix.pch */ = {isa = PBXFileReference; lastKnownFileType = sourcecode.c.h; path = "Mixta-Prefix.pch"; sourceTree = "<group>"; };
		1270E60719B64BE600F19302 /* AppDelegate.h */ = {isa = PBXFileReference; lastKnownFileType = sourcecode.c.h; path = AppDelegate.h; sourceTree = "<group>"; };
		1270E60819B64BE600F19302 /* AppDelegate.m */ = {isa = PBXFileReference; lastKnownFileType = sourcecode.c.objc; path = AppDelegate.m; sourceTree = "<group>"; };
		1270E60A19B64BE600F19302 /* Images.xcassets */ = {isa = PBXFileReference; lastKnownFileType = folder.assetcatalog; path = Images.xcassets; sourceTree = "<group>"; };
		1270E61019B64BE600F19302 /* MixtaTests.xctest */ = {isa = PBXFileReference; explicitFileType = wrapper.cfbundle; includeInIndex = 0; path = MixtaTests.xctest; sourceTree = BUILT_PRODUCTS_DIR; };
		1270E61119B64BE600F19302 /* XCTest.framework */ = {isa = PBXFileReference; lastKnownFileType = wrapper.framework; name = XCTest.framework; path = Library/Frameworks/XCTest.framework; sourceTree = DEVELOPER_DIR; };
		1270E61919B64BE600F19302 /* MixtaTests-Info.plist */ = {isa = PBXFileReference; lastKnownFileType = text.plist.xml; path = "MixtaTests-Info.plist"; sourceTree = "<group>"; };
		1270E61B19B64BE600F19302 /* en */ = {isa = PBXFileReference; lastKnownFileType = text.plist.strings; name = en; path = en.lproj/InfoPlist.strings; sourceTree = "<group>"; };
		1270E61D19B64BE600F19302 /* MixtaTests.m */ = {isa = PBXFileReference; lastKnownFileType = sourcecode.c.objc; path = MixtaTests.m; sourceTree = "<group>"; };
		1270E62719B64BFD00F19302 /* Podfile */ = {isa = PBXFileReference; lastKnownFileType = text; path = Podfile; sourceTree = "<group>"; xcLanguageSpecificationIdentifier = xcode.lang.ruby; };
		1270E63219B6723700F19302 /* SignInViewController.h */ = {isa = PBXFileReference; fileEncoding = 4; lastKnownFileType = sourcecode.c.h; path = SignInViewController.h; sourceTree = "<group>"; };
		1270E63319B6723700F19302 /* SignInViewController.m */ = {isa = PBXFileReference; fileEncoding = 4; lastKnownFileType = sourcecode.c.objc; path = SignInViewController.m; sourceTree = "<group>"; };
		1270E63519B677B400F19302 /* NewsFeedViewController.h */ = {isa = PBXFileReference; fileEncoding = 4; lastKnownFileType = sourcecode.c.h; path = NewsFeedViewController.h; sourceTree = "<group>"; };
		1270E63619B677B400F19302 /* NewsFeedViewController.m */ = {isa = PBXFileReference; fileEncoding = 4; lastKnownFileType = sourcecode.c.objc; path = NewsFeedViewController.m; sourceTree = "<group>"; };
		1270E63919B68A1400F19302 /* cameraIcon.png */ = {isa = PBXFileReference; lastKnownFileType = image.png; name = cameraIcon.png; path = Mixta/cameraIcon.png; sourceTree = "<group>"; };
		1270E63B19B773CA00F19302 /* profile7.png */ = {isa = PBXFileReference; lastKnownFileType = image.png; name = profile7.png; path = Mixta/profile7.png; sourceTree = "<group>"; };
		1270E63E19B7848300F19302 /* IntroViewController.h */ = {isa = PBXFileReference; fileEncoding = 4; lastKnownFileType = sourcecode.c.h; path = IntroViewController.h; sourceTree = "<group>"; };
		1270E63F19B7848300F19302 /* IntroViewController.m */ = {isa = PBXFileReference; fileEncoding = 4; lastKnownFileType = sourcecode.c.objc; path = IntroViewController.m; sourceTree = "<group>"; };
		1270E64119B78EFF00F19302 /* Social.framework */ = {isa = PBXFileReference; lastKnownFileType = wrapper.framework; name = Social.framework; path = System/Library/Frameworks/Social.framework; sourceTree = SDKROOT; };
		1270E64319B78FDC00F19302 /* Accounts.framework */ = {isa = PBXFileReference; lastKnownFileType = wrapper.framework; name = Accounts.framework; path = System/Library/Frameworks/Accounts.framework; sourceTree = SDKROOT; };
		1270E64519B79AE800F19302 /* introBackground1.png */ = {isa = PBXFileReference; lastKnownFileType = image.png; path = introBackground1.png; sourceTree = "<group>"; };
		1270E64719B7C82C00F19302 /* ProfileViewController.h */ = {isa = PBXFileReference; fileEncoding = 4; lastKnownFileType = sourcecode.c.h; name = ProfileViewController.h; path = Mixta/ProfileViewController.h; sourceTree = "<group>"; };
		1270E64819B7C82C00F19302 /* ProfileViewController.m */ = {isa = PBXFileReference; fileEncoding = 4; lastKnownFileType = sourcecode.c.objc; name = ProfileViewController.m; path = Mixta/ProfileViewController.m; sourceTree = "<group>"; };
		1270E64B19B7C8ED00F19302 /* FindFriendsViewController.h */ = {isa = PBXFileReference; fileEncoding = 4; lastKnownFileType = sourcecode.c.h; name = FindFriendsViewController.h; path = Mixta/FindFriendsViewController.h; sourceTree = "<group>"; };
		1270E64C19B7C8ED00F19302 /* FindFriendsViewController.m */ = {isa = PBXFileReference; fileEncoding = 4; lastKnownFileType = sourcecode.c.objc; name = FindFriendsViewController.m; path = Mixta/FindFriendsViewController.m; sourceTree = "<group>"; };
		1270E64E19B7CCB300F19302 /* letter28.png */ = {isa = PBXFileReference; lastKnownFileType = image.png; path = letter28.png; sourceTree = "<group>"; };
		1270E64F19B7CCB300F19302 /* searching33.png */ = {isa = PBXFileReference; lastKnownFileType = image.png; path = searching33.png; sourceTree = "<group>"; };
		1270E65019B7CCB300F19302 /* user47.png */ = {isa = PBXFileReference; lastKnownFileType = image.png; path = user47.png; sourceTree = "<group>"; };
		1270E65619B7D4DB00F19302 /* SignUpBackGround.png */ = {isa = PBXFileReference; lastKnownFileType = image.png; path = SignUpBackGround.png; sourceTree = "<group>"; };
		1270E65819B8C3AA00F19302 /* add156.png */ = {isa = PBXFileReference; lastKnownFileType = image.png; path = add156.png; sourceTree = "<group>"; };
		1270E65A19B8F7A900F19302 /* Constents.h */ = {isa = PBXFileReference; fileEncoding = 4; lastKnownFileType = sourcecode.c.h; name = Constents.h; path = ../Constents.h; sourceTree = "<group>"; };
		1270E65B19B8F7A900F19302 /* Constents.m */ = {isa = PBXFileReference; fileEncoding = 4; lastKnownFileType = sourcecode.c.objc; name = Constents.m; path = ../Constents.m; sourceTree = "<group>"; };
		1270E65F19B9282900F19302 /* rounded25.png */ = {isa = PBXFileReference; lastKnownFileType = image.png; path = rounded25.png; sourceTree = "<group>"; };
		1270E66119BA357C00F19302 /* cloud263.png */ = {isa = PBXFileReference; lastKnownFileType = image.png; path = cloud263.png; sourceTree = "<group>"; };
		1270E66319BA36C700F19302 /* UIImage+crop_image.h */ = {isa = PBXFileReference; fileEncoding = 4; lastKnownFileType = sourcecode.c.h; name = "UIImage+crop_image.h"; path = "../UIImage+crop_image.h"; sourceTree = "<group>"; };
		1270E66419BA36C700F19302 /* UIImage+crop_image.m */ = {isa = PBXFileReference; fileEncoding = 4; lastKnownFileType = sourcecode.c.objc; name = "UIImage+crop_image.m"; path = "../UIImage+crop_image.m"; sourceTree = "<group>"; };
		1E5DDF469D934893862BCE62 /* Pods.xcconfig */ = {isa = PBXFileReference; includeInIndex = 1; lastKnownFileType = text.xcconfig; name = Pods.xcconfig; path = Pods/Pods.xcconfig; sourceTree = "<group>"; };
		E0889530C9C3458381C6259B /* libPods.a */ = {isa = PBXFileReference; explicitFileType = archive.ar; includeInIndex = 0; path = libPods.a; sourceTree = BUILT_PRODUCTS_DIR; };
/* End PBXFileReference section */

/* Begin PBXFrameworksBuildPhase section */
		1270E5F219B64BE600F19302 /* Frameworks */ = {
			isa = PBXFrameworksBuildPhase;
			buildActionMask = 2147483647;
			files = (
				125EE0C519C0F2D200555B5F /* AVFoundation.framework in Frameworks */,
				1270E64419B78FDC00F19302 /* Accounts.framework in Frameworks */,
				1270E64219B78F0000F19302 /* Social.framework in Frameworks */,
				1214146A19B6561800BD3F8E /* libSystem.dylib in Frameworks */,
				1214146019B6561700BD3F8E /* AudioToolbox.framework in Frameworks */,
				1214146119B6561700BD3F8E /* CFNetwork.framework in Frameworks */,
				1214146219B6561700BD3F8E /* CoreGraphics.framework in Frameworks */,
				1214146319B6561700BD3F8E /* CoreLocation.framework in Frameworks */,
				1214146419B6561700BD3F8E /* MobileCoreServices.framework in Frameworks */,
				1214146519B6561700BD3F8E /* QuartzCore.framework in Frameworks */,
				1214146619B6561700BD3F8E /* Security.framework in Frameworks */,
				1214146719B6561700BD3F8E /* StoreKit.framework in Frameworks */,
				1214146819B6561700BD3F8E /* SystemConfiguration.framework in Frameworks */,
				1270E5FD19B64BE600F19302 /* UIKit.framework in Frameworks */,
				1214144A19B651F100BD3F8E /* ParseFacebookUtils.framework in Frameworks */,
				1270E5F919B64BE600F19302 /* Foundation.framework in Frameworks */,
				1214144819B651F100BD3F8E /* Bolts.framework in Frameworks */,
				1214144919B651F100BD3F8E /* Parse.framework in Frameworks */,
				C08B6872E76748559B12D8DC /* libPods.a in Frameworks */,
			);
			runOnlyForDeploymentPostprocessing = 0;
		};
		1270E60D19B64BE600F19302 /* Frameworks */ = {
			isa = PBXFrameworksBuildPhase;
			buildActionMask = 2147483647;
			files = (
				1270E61219B64BE600F19302 /* XCTest.framework in Frameworks */,
				1270E61419B64BE600F19302 /* UIKit.framework in Frameworks */,
				1270E61319B64BE600F19302 /* Foundation.framework in Frameworks */,
			);
			runOnlyForDeploymentPostprocessing = 0;
		};
/* End PBXFrameworksBuildPhase section */

/* Begin PBXGroup section */
		1214144419B651F100BD3F8E /* parse-library-1.2.21 */ = {
			isa = PBXGroup;
			children = (
				1214144519B651F100BD3F8E /* Bolts.framework */,
				1214144619B651F100BD3F8E /* Parse.framework */,
				1214144719B651F100BD3F8E /* ParseFacebookUtils.framework */,
			);
			name = "parse-library-1.2.21";
			path = "../parse-library-1.2.21";
			sourceTree = "<group>";
		};
		125EE0BA19BE2D9900555B5F /* Music */ = {
			isa = PBXGroup;
			children = (
				125EE0B719BE2D9200555B5F /* MusicSearchViewController.h */,
				125EE0B819BE2D9200555B5F /* MusicSearchViewController.m */,
			);
			name = Music;
			sourceTree = "<group>";
		};
		125EE0BF19C0DB1100555B5F /* png 3 */ = {
			isa = PBXGroup;
			children = (
				125EE0C019C0DB1100555B5F /* play15.png */,
				125EE0C119C0DB1100555B5F /* share10.png */,
			);
			path = "png 3";
			sourceTree = "<group>";
		};
		125EE11319C23E9E00555B5F /* models */ = {
			isa = PBXGroup;
			children = (
			);
			name = models;
			path = ..;
			sourceTree = "<group>";
		};
		1270E5EC19B64BE600F19302 = {
			isa = PBXGroup;
			children = (
				1270E62719B64BFD00F19302 /* Podfile */,
				1270E5FE19B64BE600F19302 /* Mixta */,
				1270E61719B64BE600F19302 /* MixtaTests */,
				1270E5F719B64BE600F19302 /* Frameworks */,
				1270E5F619B64BE600F19302 /* Products */,
				1E5DDF469D934893862BCE62 /* Pods.xcconfig */,
			);
			sourceTree = "<group>";
		};
		1270E5F619B64BE600F19302 /* Products */ = {
			isa = PBXGroup;
			children = (
				1270E5F519B64BE600F19302 /* Mixta.app */,
				1270E61019B64BE600F19302 /* MixtaTests.xctest */,
			);
			name = Products;
			sourceTree = "<group>";
		};
		1270E5F719B64BE600F19302 /* Frameworks */ = {
			isa = PBXGroup;
			children = (
				125EE0C419C0F2D200555B5F /* AVFoundation.framework */,
				1270E64319B78FDC00F19302 /* Accounts.framework */,
				1270E64119B78EFF00F19302 /* Social.framework */,
				1214146919B6561800BD3F8E /* libSystem.dylib */,
				1214144B19B6532600BD3F8E /* AudioToolbox.framework */,
				1214144C19B6532600BD3F8E /* CFNetwork.framework */,
				1214144D19B6532600BD3F8E /* CoreLocation.framework */,
				1214144E19B6532600BD3F8E /* libsp.dylib */,
				1214144F19B6532600BD3F8E /* MobileCoreServices.framework */,
				1214145019B6532600BD3F8E /* QuartzCore.framework */,
				1214145119B6532600BD3F8E /* Security.framework */,
				1214145219B6532600BD3F8E /* StoreKit.framework */,
				1214145319B6532600BD3F8E /* SystemConfiguration.framework */,
				1214144419B651F100BD3F8E /* parse-library-1.2.21 */,
				1270E5F819B64BE600F19302 /* Foundation.framework */,
				1270E5FA19B64BE600F19302 /* CoreGraphics.framework */,
				1270E5FC19B64BE600F19302 /* UIKit.framework */,
				1270E61119B64BE600F19302 /* XCTest.framework */,
				E0889530C9C3458381C6259B /* libPods.a */,
			);
			name = Frameworks;
			sourceTree = "<group>";
		};
		1270E5FE19B64BE600F19302 /* Mixta */ = {
			isa = PBXGroup;
			children = (
				1270E60719B64BE600F19302 /* AppDelegate.h */,
				1270E60819B64BE600F19302 /* AppDelegate.m */,
				1270E65A19B8F7A900F19302 /* Constents.h */,
				1270E65B19B8F7A900F19302 /* Constents.m */,
				125EE11319C23E9E00555B5F /* models */,
				1270E62E19B6720900F19302 /* Views */,
				1270E60A19B64BE600F19302 /* Images.xcassets */,
				1270E63D19B773CD00F19302 /* images */,
				1270E5FF19B64BE600F19302 /* Supporting Files */,
			);
			path = Mixta;
			sourceTree = "<group>";
		};
		1270E5FF19B64BE600F19302 /* Supporting Files */ = {
			isa = PBXGroup;
			children = (
				125EE10E19C21CFC00555B5F /* PKImageBundle.bundle */,
				1270E66319BA36C700F19302 /* UIImage+crop_image.h */,
				1270E66419BA36C700F19302 /* UIImage+crop_image.m */,
				1270E60019B64BE600F19302 /* Mixta-Info.plist */,
				1270E60119B64BE600F19302 /* InfoPlist.strings */,
				1270E60419B64BE600F19302 /* main.m */,
				1270E60619B64BE600F19302 /* Mixta-Prefix.pch */,
			);
			name = "Supporting Files";
			sourceTree = "<group>";
		};
		1270E61719B64BE600F19302 /* MixtaTests */ = {
			isa = PBXGroup;
			children = (
				1270E61D19B64BE600F19302 /* MixtaTests.m */,
				1270E61819B64BE600F19302 /* Supporting Files */,
			);
			path = MixtaTests;
			sourceTree = "<group>";
		};
		1270E61819B64BE600F19302 /* Supporting Files */ = {
			isa = PBXGroup;
			children = (
				1270E61919B64BE600F19302 /* MixtaTests-Info.plist */,
				1270E61A19B64BE600F19302 /* InfoPlist.strings */,
			);
			name = "Supporting Files";
			sourceTree = "<group>";
		};
		1270E62E19B6720900F19302 /* Views */ = {
			isa = PBXGroup;
			children = (
				125EE10919C119E600555B5F /* TabBarViewController.h */,
				125EE10A19C119E600555B5F /* TabBarViewController.m */,
				1270E63819B6811400F19302 /* Sign in and sign up */,
				1270E64A19B7C83D00F19302 /* Social */,
				125EE0BA19BE2D9900555B5F /* Music */,
			);
			name = Views;
			path = ..;
			sourceTree = "<group>";
		};
		1270E63819B6811400F19302 /* Sign in and sign up */ = {
			isa = PBXGroup;
			children = (
				1214145D19B6539100BD3F8E /* SignUpViewController.h */,
				1214145E19B6539100BD3F8E /* SignUpViewController.m */,
				1270E63E19B7848300F19302 /* IntroViewController.h */,
				1270E63F19B7848300F19302 /* IntroViewController.m */,
				1270E63219B6723700F19302 /* SignInViewController.h */,
				1270E63319B6723700F19302 /* SignInViewController.m */,
			);
			name = "Sign in and sign up";
			sourceTree = "<group>";
		};
		1270E63D19B773CD00F19302 /* images */ = {
			isa = PBXGroup;
			children = (
				125EE10C19C11F9E00555B5F /* audio.png */,
				125EE0BF19C0DB1100555B5F /* png 3 */,
				125EE0BB19BFB4E500555B5F /* searcgBackground.png */,
				1270E66119BA357C00F19302 /* cloud263.png */,
				1270E65F19B9282900F19302 /* rounded25.png */,
				1270E65819B8C3AA00F19302 /* add156.png */,
				1270E64E19B7CCB300F19302 /* letter28.png */,
				1270E64F19B7CCB300F19302 /* searching33.png */,
				1270E65019B7CCB300F19302 /* user47.png */,
				1270E64519B79AE800F19302 /* introBackground1.png */,
				1270E65619B7D4DB00F19302 /* SignUpBackGround.png */,
				1270E63919B68A1400F19302 /* cameraIcon.png */,
				1270E63B19B773CA00F19302 /* profile7.png */,
			);
			name = images;
			path = ..;
			sourceTree = "<group>";
		};
		1270E64A19B7C83D00F19302 /* Social */ = {
			isa = PBXGroup;
			children = (
				1270E63519B677B400F19302 /* NewsFeedViewController.h */,
				1270E63619B677B400F19302 /* NewsFeedViewController.m */,
				1270E64B19B7C8ED00F19302 /* FindFriendsViewController.h */,
				1270E64C19B7C8ED00F19302 /* FindFriendsViewController.m */,
				1270E64719B7C82C00F19302 /* ProfileViewController.h */,
				1270E64819B7C82C00F19302 /* ProfileViewController.m */,
			);
			name = Social;
			sourceTree = "<group>";
		};
/* End PBXGroup section */

/* Begin PBXNativeTarget section */
		1270E5F419B64BE600F19302 /* Mixta */ = {
			isa = PBXNativeTarget;
			buildConfigurationList = 1270E62119B64BE600F19302 /* Build configuration list for PBXNativeTarget "Mixta" */;
			buildPhases = (
				EE67D3F55D02476882E48DE2 /* Check Pods Manifest.lock */,
				1270E5F119B64BE600F19302 /* Sources */,
				1270E5F219B64BE600F19302 /* Frameworks */,
				1270E5F319B64BE600F19302 /* Resources */,
				DD29372D739C4610BC4199F6 /* Copy Pods Resources */,
			);
			buildRules = (
			);
			dependencies = (
			);
			name = Mixta;
			productName = Mixta;
			productReference = 1270E5F519B64BE600F19302 /* Mixta.app */;
			productType = "com.apple.product-type.application";
		};
		1270E60F19B64BE600F19302 /* MixtaTests */ = {
			isa = PBXNativeTarget;
			buildConfigurationList = 1270E62419B64BE600F19302 /* Build configuration list for PBXNativeTarget "MixtaTests" */;
			buildPhases = (
				1270E60C19B64BE600F19302 /* Sources */,
				1270E60D19B64BE600F19302 /* Frameworks */,
				1270E60E19B64BE600F19302 /* Resources */,
			);
			buildRules = (
			);
			dependencies = (
				1270E61619B64BE600F19302 /* PBXTargetDependency */,
			);
			name = MixtaTests;
			productName = MixtaTests;
			productReference = 1270E61019B64BE600F19302 /* MixtaTests.xctest */;
			productType = "com.apple.product-type.bundle.unit-test";
		};
/* End PBXNativeTarget section */

/* Begin PBXProject section */
		1270E5ED19B64BE600F19302 /* Project object */ = {
			isa = PBXProject;
			attributes = {
				LastUpgradeCheck = 0510;
				ORGANIZATIONNAME = kai.don.aldag;
				TargetAttributes = {
					1270E60F19B64BE600F19302 = {
						TestTargetID = 1270E5F419B64BE600F19302;
					};
				};
			};
			buildConfigurationList = 1270E5F019B64BE600F19302 /* Build configuration list for PBXProject "Mixta" */;
			compatibilityVersion = "Xcode 3.2";
			developmentRegion = English;
			hasScannedForEncodings = 0;
			knownRegions = (
				en,
			);
			mainGroup = 1270E5EC19B64BE600F19302;
			productRefGroup = 1270E5F619B64BE600F19302 /* Products */;
			projectDirPath = "";
			projectRoot = "";
			targets = (
				1270E5F419B64BE600F19302 /* Mixta */,
				1270E60F19B64BE600F19302 /* MixtaTests */,
			);
		};
/* End PBXProject section */

/* Begin PBXResourcesBuildPhase section */
		1270E5F319B64BE600F19302 /* Resources */ = {
			isa = PBXResourcesBuildPhase;
			buildActionMask = 2147483647;
			files = (
				1270E66019B9282900F19302 /* rounded25.png in Resources */,
				125EE10F19C21CFC00555B5F /* PKImageBundle.bundle in Resources */,
				1270E65119B7CCB300F19302 /* letter28.png in Resources */,
				1270E64619B79AE900F19302 /* introBackground1.png in Resources */,
				1270E65319B7CCB300F19302 /* user47.png in Resources */,
				1270E60319B64BE600F19302 /* InfoPlist.strings in Resources */,
				1270E66219BA357C00F19302 /* cloud263.png in Resources */,
				1270E65219B7CCB300F19302 /* searching33.png in Resources */,
				1270E60B19B64BE600F19302 /* Images.xcassets in Resources */,
				1270E65919B8C3AA00F19302 /* add156.png in Resources */,
				1270E63C19B773CA00F19302 /* profile7.png in Resources */,
				125EE0BC19BFB4E500555B5F /* searcgBackground.png in Resources */,
				1270E63A19B68A1400F19302 /* cameraIcon.png in Resources */,
				1270E65719B7D4DB00F19302 /* SignUpBackGround.png in Resources */,
				125EE0C319C0DB1100555B5F /* share10.png in Resources */,
				125EE10D19C11F9E00555B5F /* audio.png in Resources */,
				125EE0C219C0DB1100555B5F /* play15.png in Resources */,
			);
			runOnlyForDeploymentPostprocessing = 0;
		};
		1270E60E19B64BE600F19302 /* Resources */ = {
			isa = PBXResourcesBuildPhase;
			buildActionMask = 2147483647;
			files = (
				1270E61C19B64BE600F19302 /* InfoPlist.strings in Resources */,
			);
			runOnlyForDeploymentPostprocessing = 0;
		};
/* End PBXResourcesBuildPhase section */

/* Begin PBXShellScriptBuildPhase section */
		DD29372D739C4610BC4199F6 /* Copy Pods Resources */ = {
			isa = PBXShellScriptBuildPhase;
			buildActionMask = 2147483647;
			files = (
			);
			inputPaths = (
			);
			name = "Copy Pods Resources";
			outputPaths = (
			);
			runOnlyForDeploymentPostprocessing = 0;
			shellPath = /bin/sh;
			shellScript = "\"${SRCROOT}/Pods/Pods-resources.sh\"\n";
			showEnvVarsInLog = 0;
		};
		EE67D3F55D02476882E48DE2 /* Check Pods Manifest.lock */ = {
			isa = PBXShellScriptBuildPhase;
			buildActionMask = 2147483647;
			files = (
			);
			inputPaths = (
			);
			name = "Check Pods Manifest.lock";
			outputPaths = (
			);
			runOnlyForDeploymentPostprocessing = 0;
			shellPath = /bin/sh;
			shellScript = "diff \"${PODS_ROOT}/../Podfile.lock\" \"${PODS_ROOT}/Manifest.lock\" > /dev/null\nif [[ $? != 0 ]] ; then\n    cat << EOM\nerror: The sandbox is not in sync with the Podfile.lock. Run 'pod install' or update your CocoaPods installation.\nEOM\n    exit 1\nfi\n";
			showEnvVarsInLog = 0;
		};
/* End PBXShellScriptBuildPhase section */

/* Begin PBXSourcesBuildPhase section */
		1270E5F119B64BE600F19302 /* Sources */ = {
			isa = PBXSourcesBuildPhase;
			buildActionMask = 2147483647;
			files = (
				1270E63419B6723700F19302 /* SignInViewController.m in Sources */,
				1270E64D19B7C8ED00F19302 /* FindFriendsViewController.m in Sources */,
				1270E65C19B8F7A900F19302 /* Constents.m in Sources */,
				1270E64019B7848300F19302 /* IntroViewController.m in Sources */,
				125EE10B19C119E600555B5F /* TabBarViewController.m in Sources */,
				1270E60919B64BE600F19302 /* AppDelegate.m in Sources */,
				1270E60519B64BE600F19302 /* main.m in Sources */,
				1270E64919B7C82C00F19302 /* ProfileViewController.m in Sources */,
				1270E66519BA36C700F19302 /* UIImage+crop_image.m in Sources */,
				1270E63719B677B400F19302 /* NewsFeedViewController.m in Sources */,
				1214145F19B6539100BD3F8E /* SignUpViewController.m in Sources */,
				125EE0B919BE2D9200555B5F /* MusicSearchViewController.m in Sources */,
			);
			runOnlyForDeploymentPostprocessing = 0;
		};
		1270E60C19B64BE600F19302 /* Sources */ = {
			isa = PBXSourcesBuildPhase;
			buildActionMask = 2147483647;
			files = (
				1270E61E19B64BE600F19302 /* MixtaTests.m in Sources */,
			);
			runOnlyForDeploymentPostprocessing = 0;
		};
/* End PBXSourcesBuildPhase section */

/* Begin PBXTargetDependency section */
		1270E61619B64BE600F19302 /* PBXTargetDependency */ = {
			isa = PBXTargetDependency;
			target = 1270E5F419B64BE600F19302 /* Mixta */;
			targetProxy = 1270E61519B64BE600F19302 /* PBXContainerItemProxy */;
		};
/* End PBXTargetDependency section */

/* Begin PBXVariantGroup section */
		1270E60119B64BE600F19302 /* InfoPlist.strings */ = {
			isa = PBXVariantGroup;
			children = (
				1270E60219B64BE600F19302 /* en */,
			);
			name = InfoPlist.strings;
			sourceTree = "<group>";
		};
		1270E61A19B64BE600F19302 /* InfoPlist.strings */ = {
			isa = PBXVariantGroup;
			children = (
				1270E61B19B64BE600F19302 /* en */,
			);
			name = InfoPlist.strings;
			sourceTree = "<group>";
		};
/* End PBXVariantGroup section */

/* Begin XCBuildConfiguration section */
		1270E61F19B64BE600F19302 /* Debug */ = {
			isa = XCBuildConfiguration;
			buildSettings = {
				ALWAYS_SEARCH_USER_PATHS = NO;
				CLANG_CXX_LANGUAGE_STANDARD = "gnu++0x";
				CLANG_CXX_LIBRARY = "libc++";
				CLANG_ENABLE_MODULES = YES;
				CLANG_ENABLE_OBJC_ARC = YES;
				CLANG_WARN_BOOL_CONVERSION = YES;
				CLANG_WARN_CONSTANT_CONVERSION = YES;
				CLANG_WARN_DIRECT_OBJC_ISA_USAGE = YES_ERROR;
				CLANG_WARN_EMPTY_BODY = YES;
				CLANG_WARN_ENUM_CONVERSION = YES;
				CLANG_WARN_INT_CONVERSION = YES;
				CLANG_WARN_OBJC_ROOT_CLASS = YES_ERROR;
				CLANG_WARN__DUPLICATE_METHOD_MATCH = YES;
				"CODE_SIGN_IDENTITY[sdk=iphoneos*]" = "iPhone Developer";
				COPY_PHASE_STRIP = NO;
				GCC_C_LANGUAGE_STANDARD = gnu99;
				GCC_DYNAMIC_NO_PIC = NO;
				GCC_OPTIMIZATION_LEVEL = 0;
				GCC_PREPROCESSOR_DEFINITIONS = (
					"DEBUG=1",
					"$(inherited)",
				);
				GCC_SYMBOLS_PRIVATE_EXTERN = NO;
				GCC_WARN_64_TO_32_BIT_CONVERSION = YES;
				GCC_WARN_ABOUT_RETURN_TYPE = YES_ERROR;
				GCC_WARN_UNDECLARED_SELECTOR = YES;
				GCC_WARN_UNINITIALIZED_AUTOS = YES_AGGRESSIVE;
				GCC_WARN_UNUSED_FUNCTION = YES;
				GCC_WARN_UNUSED_VARIABLE = YES;
				IPHONEOS_DEPLOYMENT_TARGET = 7.1;
				ONLY_ACTIVE_ARCH = YES;
				SDKROOT = iphoneos;
			};
			name = Debug;
		};
		1270E62019B64BE600F19302 /* Release */ = {
			isa = XCBuildConfiguration;
			buildSettings = {
				ALWAYS_SEARCH_USER_PATHS = NO;
				CLANG_CXX_LANGUAGE_STANDARD = "gnu++0x";
				CLANG_CXX_LIBRARY = "libc++";
				CLANG_ENABLE_MODULES = YES;
				CLANG_ENABLE_OBJC_ARC = YES;
				CLANG_WARN_BOOL_CONVERSION = YES;
				CLANG_WARN_CONSTANT_CONVERSION = YES;
				CLANG_WARN_DIRECT_OBJC_ISA_USAGE = YES_ERROR;
				CLANG_WARN_EMPTY_BODY = YES;
				CLANG_WARN_ENUM_CONVERSION = YES;
				CLANG_WARN_INT_CONVERSION = YES;
				CLANG_WARN_OBJC_ROOT_CLASS = YES_ERROR;
				CLANG_WARN__DUPLICATE_METHOD_MATCH = YES;
				"CODE_SIGN_IDENTITY[sdk=iphoneos*]" = "iPhone Developer";
				COPY_PHASE_STRIP = YES;
				ENABLE_NS_ASSERTIONS = NO;
				GCC_C_LANGUAGE_STANDARD = gnu99;
				GCC_WARN_64_TO_32_BIT_CONVERSION = YES;
				GCC_WARN_ABOUT_RETURN_TYPE = YES_ERROR;
				GCC_WARN_UNDECLARED_SELECTOR = YES;
				GCC_WARN_UNINITIALIZED_AUTOS = YES_AGGRESSIVE;
				GCC_WARN_UNUSED_FUNCTION = YES;
				GCC_WARN_UNUSED_VARIABLE = YES;
				IPHONEOS_DEPLOYMENT_TARGET = 7.1;
				SDKROOT = iphoneos;
				VALIDATE_PRODUCT = YES;
			};
			name = Release;
		};
		1270E62219B64BE600F19302 /* Debug */ = {
			isa = XCBuildConfiguration;
			baseConfigurationReference = 1E5DDF469D934893862BCE62 /* Pods.xcconfig */;
			buildSettings = {
				ASSETCATALOG_COMPILER_APPICON_NAME = AppIcon;
				ASSETCATALOG_COMPILER_LAUNCHIMAGE_NAME = LaunchImage;
				FRAMEWORK_SEARCH_PATHS = (
					"$(inherited)",
					"/Users/kaidonaldag/Desktop/developer/parse-library-1.2.21",
				);
				GCC_PRECOMPILE_PREFIX_HEADER = YES;
				GCC_PREFIX_HEADER = "Mixta/Mixta-Prefix.pch";
				INFOPLIST_FILE = "Mixta/Mixta-Info.plist";
				OTHER_LDFLAGS = "";
				PRODUCT_NAME = "$(TARGET_NAME)";
				WRAPPER_EXTENSION = app;
			};
			name = Debug;
		};
		1270E62319B64BE600F19302 /* Release */ = {
			isa = XCBuildConfiguration;
			baseConfigurationReference = 1E5DDF469D934893862BCE62 /* Pods.xcconfig */;
			buildSettings = {
				ASSETCATALOG_COMPILER_APPICON_NAME = AppIcon;
				ASSETCATALOG_COMPILER_LAUNCHIMAGE_NAME = LaunchImage;
				FRAMEWORK_SEARCH_PATHS = (
					"$(inherited)",
					"/Users/kaidonaldag/Desktop/developer/parse-library-1.2.21",
				);
				GCC_PRECOMPILE_PREFIX_HEADER = YES;
				GCC_PREFIX_HEADER = "Mixta/Mixta-Prefix.pch";
				INFOPLIST_FILE = "Mixta/Mixta-Info.plist";
				OTHER_LDFLAGS = "";
				PRODUCT_NAME = "$(TARGET_NAME)";
				WRAPPER_EXTENSION = app;
			};
			name = Release;
		};
		1270E62519B64BE600F19302 /* Debug */ = {
			isa = XCBuildConfiguration;
			buildSettings = {
				BUNDLE_LOADER = "$(BUILT_PRODUCTS_DIR)/Mixta.app/Mixta";
				FRAMEWORK_SEARCH_PATHS = (
					"$(SDKROOT)/Developer/Library/Frameworks",
					"$(inherited)",
					"$(DEVELOPER_FRAMEWORKS_DIR)",
				);
				GCC_PRECOMPILE_PREFIX_HEADER = YES;
				GCC_PREFIX_HEADER = "Mixta/Mixta-Prefix.pch";
				GCC_PREPROCESSOR_DEFINITIONS = (
					"DEBUG=1",
					"$(inherited)",
				);
				INFOPLIST_FILE = "MixtaTests/MixtaTests-Info.plist";
				PRODUCT_NAME = "$(TARGET_NAME)";
				TEST_HOST = "$(BUNDLE_LOADER)";
				WRAPPER_EXTENSION = xctest;
			};
			name = Debug;
		};
		1270E62619B64BE600F19302 /* Release */ = {
			isa = XCBuildConfiguration;
			buildSettings = {
				BUNDLE_LOADER = "$(BUILT_PRODUCTS_DIR)/Mixta.app/Mixta";
				FRAMEWORK_SEARCH_PATHS = (
					"$(SDKROOT)/Developer/Library/Frameworks",
					"$(inherited)",
					"$(DEVELOPER_FRAMEWORKS_DIR)",
				);
				GCC_PRECOMPILE_PREFIX_HEADER = YES;
				GCC_PREFIX_HEADER = "Mixta/Mixta-Prefix.pch";
				INFOPLIST_FILE = "MixtaTests/MixtaTests-Info.plist";
				PRODUCT_NAME = "$(TARGET_NAME)";
				TEST_HOST = "$(BUNDLE_LOADER)";
				WRAPPER_EXTENSION = xctest;
			};
			name = Release;
		};
/* End XCBuildConfiguration section */

/* Begin XCConfigurationList section */
		1270E5F019B64BE600F19302 /* Build configuration list for PBXProject "Mixta" */ = {
			isa = XCConfigurationList;
			buildConfigurations = (
				1270E61F19B64BE600F19302 /* Debug */,
				1270E62019B64BE600F19302 /* Release */,
			);
			defaultConfigurationIsVisible = 0;
			defaultConfigurationName = Release;
		};
		1270E62119B64BE600F19302 /* Build configuration list for PBXNativeTarget "Mixta" */ = {
			isa = XCConfigurationList;
			buildConfigurations = (
				1270E62219B64BE600F19302 /* Debug */,
				1270E62319B64BE600F19302 /* Release */,
			);
			defaultConfigurationIsVisible = 0;
			defaultConfigurationName = Release;
		};
		1270E62419B64BE600F19302 /* Build configuration list for PBXNativeTarget "MixtaTests" */ = {
			isa = XCConfigurationList;
			buildConfigurations = (
				1270E62519B64BE600F19302 /* Debug */,
				1270E62619B64BE600F19302 /* Release */,
			);
			defaultConfigurationIsVisible = 0;
			defaultConfigurationName = Release;
		};
/* End XCConfigurationList section */
	};
	rootObject = 1270E5ED19B64BE600F19302 /* Project object */;
}
